// !$*UTF8*$!
{
	archiveVersion = 1;
	classes = {
	};
	objectVersion = 56;
	objects = {

/* Begin PBXBuildFile section */
		AEAF508A2CA0D41D00666760 /* sampleAudio_2ch_44100_Float32.wav in Resources */ = {isa = PBXBuildFile; fileRef = AEAF50892CA0D41D00666760 /* sampleAudio_2ch_44100_Float32.wav */; };
		AEAF508D2CA1469100666760 /* sampleAudio_1ch_48000_Int16_2sec.wav in Resources */ = {isa = PBXBuildFile; fileRef = AEAF508B2CA1469100666760 /* sampleAudio_1ch_48000_Int16_2sec.wav */; };
		AEAF508E2CA1469100666760 /* sampleAudio_1ch_48000_Int16_10sec.wav in Resources */ = {isa = PBXBuildFile; fileRef = AEAF508C2CA1469100666760 /* sampleAudio_1ch_48000_Int16_10sec.wav */; };
		AEAF50902CA14A7D00666760 /* Queue.swift in Sources */ = {isa = PBXBuildFile; fileRef = AEAF508F2CA14A7D00666760 /* Queue.swift */; };
		AEC5F99B2C58500600D73179 /* AppDelegate.swift in Sources */ = {isa = PBXBuildFile; fileRef = AEC5F99A2C58500600D73179 /* AppDelegate.swift */; };
		AEC5F99D2C58500600D73179 /* SceneDelegate.swift in Sources */ = {isa = PBXBuildFile; fileRef = AEC5F99C2C58500600D73179 /* SceneDelegate.swift */; };
		AEC5F99F2C58500600D73179 /* ViewController.swift in Sources */ = {isa = PBXBuildFile; fileRef = AEC5F99E2C58500600D73179 /* ViewController.swift */; };
		AEC5F9A22C58500600D73179 /* Base in Resources */ = {isa = PBXBuildFile; fileRef = AEC5F9A12C58500600D73179 /* Base */; };
		AEC5F9A42C58500800D73179 /* Assets.xcassets in Resources */ = {isa = PBXBuildFile; fileRef = AEC5F9A32C58500800D73179 /* Assets.xcassets */; };
		AEC5F9A72C58500800D73179 /* Base in Resources */ = {isa = PBXBuildFile; fileRef = AEC5F9A62C58500800D73179 /* Base */; };
/* End PBXBuildFile section */

/* Begin PBXFileReference section */
		AEAF50892CA0D41D00666760 /* sampleAudio_2ch_44100_Float32.wav */ = {isa = PBXFileReference; lastKnownFileType = audio.wav; name = sampleAudio_2ch_44100_Float32.wav; path = ../../../Sample/sampleAudio_2ch_44100_Float32.wav; sourceTree = "<group>"; };
		AEAF508B2CA1469100666760 /* sampleAudio_1ch_48000_Int16_2sec.wav */ = {isa = PBXFileReference; lastKnownFileType = audio.wav; name = sampleAudio_1ch_48000_Int16_2sec.wav; path = ../../../Sample/sampleAudio_1ch_48000_Int16_2sec.wav; sourceTree = "<group>"; };
		AEAF508C2CA1469100666760 /* sampleAudio_1ch_48000_Int16_10sec.wav */ = {isa = PBXFileReference; lastKnownFileType = audio.wav; name = sampleAudio_1ch_48000_Int16_10sec.wav; path = ../../../Sample/sampleAudio_1ch_48000_Int16_10sec.wav; sourceTree = "<group>"; };
		AEAF508F2CA14A7D00666760 /* Queue.swift */ = {isa = PBXFileReference; lastKnownFileType = sourcecode.swift; path = Queue.swift; sourceTree = "<group>"; };
		AEC5F9972C58500600D73179 /* AudioPlayerProject.app */ = {isa = PBXFileReference; explicitFileType = wrapper.application; includeInIndex = 0; path = AudioPlayerProject.app; sourceTree = BUILT_PRODUCTS_DIR; };
		AEC5F99A2C58500600D73179 /* AppDelegate.swift */ = {isa = PBXFileReference; lastKnownFileType = sourcecode.swift; path = AppDelegate.swift; sourceTree = "<group>"; };
		AEC5F99C2C58500600D73179 /* SceneDelegate.swift */ = {isa = PBXFileReference; lastKnownFileType = sourcecode.swift; path = SceneDelegate.swift; sourceTree = "<group>"; };
		AEC5F99E2C58500600D73179 /* ViewController.swift */ = {isa = PBXFileReference; lastKnownFileType = sourcecode.swift; path = ViewController.swift; sourceTree = "<group>"; };
		AEC5F9A12C58500600D73179 /* Base */ = {isa = PBXFileReference; lastKnownFileType = file.storyboard; name = Base; path = Base.lproj/Main.storyboard; sourceTree = "<group>"; };
		AEC5F9A32C58500800D73179 /* Assets.xcassets */ = {isa = PBXFileReference; lastKnownFileType = folder.assetcatalog; path = Assets.xcassets; sourceTree = "<group>"; };
		AEC5F9A62C58500800D73179 /* Base */ = {isa = PBXFileReference; lastKnownFileType = file.storyboard; name = Base; path = Base.lproj/LaunchScreen.storyboard; sourceTree = "<group>"; };
		AEC5F9A82C58500800D73179 /* Info.plist */ = {isa = PBXFileReference; lastKnownFileType = text.plist.xml; path = Info.plist; sourceTree = "<group>"; };
/* End PBXFileReference section */

/* Begin PBXFrameworksBuildPhase section */
		AEC5F9942C58500600D73179 /* Frameworks */ = {
			isa = PBXFrameworksBuildPhase;
			buildActionMask = 2147483647;
			files = (
			);
			runOnlyForDeploymentPostprocessing = 0;
		};
/* End PBXFrameworksBuildPhase section */

/* Begin PBXGroup section */
		AEC5F98E2C58500600D73179 = {
			isa = PBXGroup;
			children = (
				AEC5F9992C58500600D73179 /* AudioPlayerProject */,
				AEC5F9982C58500600D73179 /* Products */,
			);
			sourceTree = "<group>";
		};
		AEC5F9982C58500600D73179 /* Products */ = {
			isa = PBXGroup;
			children = (
				AEC5F9972C58500600D73179 /* AudioPlayerProject.app */,
			);
			name = Products;
			sourceTree = "<group>";
		};
		AEC5F9992C58500600D73179 /* AudioPlayerProject */ = {
			isa = PBXGroup;
			children = (
				AEC5F9AE2C58559B00D73179 /* Resource */,
				AEC5F99A2C58500600D73179 /* AppDelegate.swift */,
				AEC5F99C2C58500600D73179 /* SceneDelegate.swift */,
				AEC5F99E2C58500600D73179 /* ViewController.swift */,
				AEAF508F2CA14A7D00666760 /* Queue.swift */,
				AEC5F9A02C58500600D73179 /* Main.storyboard */,
				AEC5F9A32C58500800D73179 /* Assets.xcassets */,
				AEC5F9A52C58500800D73179 /* LaunchScreen.storyboard */,
				AEC5F9A82C58500800D73179 /* Info.plist */,
			);
			path = AudioPlayerProject;
			sourceTree = "<group>";
		};
		AEC5F9AE2C58559B00D73179 /* Resource */ = {
			isa = PBXGroup;
			children = (
				AEAF508B2CA1469100666760 /* sampleAudio_1ch_48000_Int16_2sec.wav */,
				AEAF508C2CA1469100666760 /* sampleAudio_1ch_48000_Int16_10sec.wav */,
				AEAF50892CA0D41D00666760 /* sampleAudio_2ch_44100_Float32.wav */,
			);
			path = Resource;
			sourceTree = "<group>";
		};
/* End PBXGroup section */

/* Begin PBXNativeTarget section */
		AEC5F9962C58500600D73179 /* AudioPlayerProject */ = {
			isa = PBXNativeTarget;
			buildConfigurationList = AEC5F9AB2C58500800D73179 /* Build configuration list for PBXNativeTarget "AudioPlayerProject" */;
			buildPhases = (
				AEC5F9932C58500600D73179 /* Sources */,
				AEC5F9942C58500600D73179 /* Frameworks */,
				AEC5F9952C58500600D73179 /* Resources */,
			);
			buildRules = (
			);
			dependencies = (
			);
			name = AudioPlayerProject;
			productName = AudioPlayerProject;
			productReference = AEC5F9972C58500600D73179 /* AudioPlayerProject.app */;
			productType = "com.apple.product-type.application";
		};
/* End PBXNativeTarget section */

/* Begin PBXProject section */
		AEC5F98F2C58500600D73179 /* Project object */ = {
			isa = PBXProject;
			attributes = {
				BuildIndependentTargetsInParallel = 1;
				LastSwiftUpdateCheck = 1540;
				LastUpgradeCheck = 1540;
				TargetAttributes = {
					AEC5F9962C58500600D73179 = {
						CreatedOnToolsVersion = 15.4;
					};
				};
			};
			buildConfigurationList = AEC5F9922C58500600D73179 /* Build configuration list for PBXProject "AudioPlayerProject" */;
			compatibilityVersion = "Xcode 14.0";
			developmentRegion = en;
			hasScannedForEncodings = 0;
			knownRegions = (
				en,
				Base,
			);
			mainGroup = AEC5F98E2C58500600D73179;
			productRefGroup = AEC5F9982C58500600D73179 /* Products */;
			projectDirPath = "";
			projectRoot = "";
			targets = (
				AEC5F9962C58500600D73179 /* AudioPlayerProject */,
			);
		};
/* End PBXProject section */

/* Begin PBXResourcesBuildPhase section */
		AEC5F9952C58500600D73179 /* Resources */ = {
			isa = PBXResourcesBuildPhase;
			buildActionMask = 2147483647;
			files = (
				AEAF508D2CA1469100666760 /* sampleAudio_1ch_48000_Int16_2sec.wav in Resources */,
				AEAF508A2CA0D41D00666760 /* sampleAudio_2ch_44100_Float32.wav in Resources */,
				AEC5F9A42C58500800D73179 /* Assets.xcassets in Resources */,
				AEC5F9A72C58500800D73179 /* Base in Resources */,
				AEC5F9A22C58500600D73179 /* Base in Resources */,
				AEAF508E2CA1469100666760 /* sampleAudio_1ch_48000_Int16_10sec.wav in Resources */,
			);
			runOnlyForDeploymentPostprocessing = 0;
		};
/* End PBXResourcesBuildPhase section */

/* Begin PBXSourcesBuildPhase section */
		AEC5F9932C58500600D73179 /* Sources */ = {
			isa = PBXSourcesBuildPhase;
			buildActionMask = 2147483647;
			files = (
				AEC5F99F2C58500600D73179 /* ViewController.swift in Sources */,
				AEC5F99B2C58500600D73179 /* AppDelegate.swift in Sources */,
				AEC5F99D2C58500600D73179 /* SceneDelegate.swift in Sources */,
				AEAF50902CA14A7D00666760 /* Queue.swift in Sources */,
			);
			runOnlyForDeploymentPostprocessing = 0;
		};
/* End PBXSourcesBuildPhase section */

/* Begin PBXVariantGroup section */
		AEC5F9A02C58500600D73179 /* Main.storyboard */ = {
			isa = PBXVariantGroup;
			children = (
				AEC5F9A12C58500600D73179 /* Base */,
			);
			name = Main.storyboard;
			sourceTree = "<group>";
		};
		AEC5F9A52C58500800D73179 /* LaunchScreen.storyboard */ = {
			isa = PBXVariantGroup;
			children = (
				AEC5F9A62C58500800D73179 /* Base */,
			);
			name = LaunchScreen.storyboard;
			sourceTree = "<group>";
		};
/* End PBXVariantGroup section */

/* Begin XCBuildConfiguration section */
		AEC5F9A92C58500800D73179 /* Debug */ = {
			isa = XCBuildConfiguration;
			buildSettings = {
				ALWAYS_SEARCH_USER_PATHS = NO;
				ASSETCATALOG_COMPILER_GENERATE_SWIFT_ASSET_SYMBOL_EXTENSIONS = YES;
				CLANG_ANALYZER_NONNULL = YES;
				CLANG_ANALYZER_NUMBER_OBJECT_CONVERSION = YES_AGGRESSIVE;
				CLANG_CXX_LANGUAGE_STANDARD = "gnu++20";
				CLANG_ENABLE_MODULES = YES;
				CLANG_ENABLE_OBJC_ARC = YES;
				CLANG_ENABLE_OBJC_WEAK = YES;
				CLANG_WARN_BLOCK_CAPTURE_AUTORELEASING = YES;
				CLANG_WARN_BOOL_CONVERSION = YES;
				CLANG_WARN_COMMA = YES;
				CLANG_WARN_CONSTANT_CONVERSION = YES;
				CLANG_WARN_DEPRECATED_OBJC_IMPLEMENTATIONS = YES;
				CLANG_WARN_DIRECT_OBJC_ISA_USAGE = YES_ERROR;
				CLANG_WARN_DOCUMENTATION_COMMENTS = YES;
				CLANG_WARN_EMPTY_BODY = YES;
				CLANG_WARN_ENUM_CONVERSION = YES;
				CLANG_WARN_INFINITE_RECURSION = YES;
				CLANG_WARN_INT_CONVERSION = YES;
				CLANG_WARN_NON_LITERAL_NULL_CONVERSION = YES;
				CLANG_WARN_OBJC_IMPLICIT_RETAIN_SELF = YES;
				CLANG_WARN_OBJC_LITERAL_CONVERSION = YES;
				CLANG_WARN_OBJC_ROOT_CLASS = YES_ERROR;
				CLANG_WARN_QUOTED_INCLUDE_IN_FRAMEWORK_HEADER = YES;
				CLANG_WARN_RANGE_LOOP_ANALYSIS = YES;
				CLANG_WARN_STRICT_PROTOTYPES = YES;
				CLANG_WARN_SUSPICIOUS_MOVE = YES;
				CLANG_WARN_UNGUARDED_AVAILABILITY = YES_AGGRESSIVE;
				CLANG_WARN_UNREACHABLE_CODE = YES;
				CLANG_WARN__DUPLICATE_METHOD_MATCH = YES;
				COPY_PHASE_STRIP = NO;
				DEBUG_INFORMATION_FORMAT = dwarf;
				ENABLE_STRICT_OBJC_MSGSEND = YES;
				ENABLE_TESTABILITY = YES;
				ENABLE_USER_SCRIPT_SANDBOXING = YES;
				GCC_C_LANGUAGE_STANDARD = gnu17;
				GCC_DYNAMIC_NO_PIC = NO;
				GCC_NO_COMMON_BLOCKS = YES;
				GCC_OPTIMIZATION_LEVEL = 0;
				GCC_PREPROCESSOR_DEFINITIONS = (
					"DEBUG=1",
					"$(inherited)",
				);
				GCC_WARN_64_TO_32_BIT_CONVERSION = YES;
				GCC_WARN_ABOUT_RETURN_TYPE = YES_ERROR;
				GCC_WARN_UNDECLARED_SELECTOR = YES;
				GCC_WARN_UNINITIALIZED_AUTOS = YES_AGGRESSIVE;
				GCC_WARN_UNUSED_FUNCTION = YES;
				GCC_WARN_UNUSED_VARIABLE = YES;
				IPHONEOS_DEPLOYMENT_TARGET = 17.5;
				LOCALIZATION_PREFERS_STRING_CATALOGS = YES;
				MTL_ENABLE_DEBUG_INFO = INCLUDE_SOURCE;
				MTL_FAST_MATH = YES;
				ONLY_ACTIVE_ARCH = YES;
				SDKROOT = iphoneos;
				SWIFT_ACTIVE_COMPILATION_CONDITIONS = "DEBUG $(inherited)";
				SWIFT_OPTIMIZATION_LEVEL = "-Onone";
			};
			name = Debug;
		};
		AEC5F9AA2C58500800D73179 /* Release */ = {
			isa = XCBuildConfiguration;
			buildSettings = {
				ALWAYS_SEARCH_USER_PATHS = NO;
				ASSETCATALOG_COMPILER_GENERATE_SWIFT_ASSET_SYMBOL_EXTENSIONS = YES;
				CLANG_ANALYZER_NONNULL = YES;
				CLANG_ANALYZER_NUMBER_OBJECT_CONVERSION = YES_AGGRESSIVE;
				CLANG_CXX_LANGUAGE_STANDARD = "gnu++20";
				CLANG_ENABLE_MODULES = YES;
				CLANG_ENABLE_OBJC_ARC = YES;
				CLANG_ENABLE_OBJC_WEAK = YES;
				CLANG_WARN_BLOCK_CAPTURE_AUTORELEASING = YES;
				CLANG_WARN_BOOL_CONVERSION = YES;
				CLANG_WARN_COMMA = YES;
				CLANG_WARN_CONSTANT_CONVERSION = YES;
				CLANG_WARN_DEPRECATED_OBJC_IMPLEMENTATIONS = YES;
				CLANG_WARN_DIRECT_OBJC_ISA_USAGE = YES_ERROR;
				CLANG_WARN_DOCUMENTATION_COMMENTS = YES;
				CLANG_WARN_EMPTY_BODY = YES;
				CLANG_WARN_ENUM_CONVERSION = YES;
				CLANG_WARN_INFINITE_RECURSION = YES;
				CLANG_WARN_INT_CONVERSION = YES;
				CLANG_WARN_NON_LITERAL_NULL_CONVERSION = YES;
				CLANG_WARN_OBJC_IMPLICIT_RETAIN_SELF = YES;
				CLANG_WARN_OBJC_LITERAL_CONVERSION = YES;
				CLANG_WARN_OBJC_ROOT_CLASS = YES_ERROR;
				CLANG_WARN_QUOTED_INCLUDE_IN_FRAMEWORK_HEADER = YES;
				CLANG_WARN_RANGE_LOOP_ANALYSIS = YES;
				CLANG_WARN_STRICT_PROTOTYPES = YES;
				CLANG_WARN_SUSPICIOUS_MOVE = YES;
				CLANG_WARN_UNGUARDED_AVAILABILITY = YES_AGGRESSIVE;
				CLANG_WARN_UNREACHABLE_CODE = YES;
				CLANG_WARN__DUPLICATE_METHOD_MATCH = YES;
				COPY_PHASE_STRIP = NO;
				DEBUG_INFORMATION_FORMAT = "dwarf-with-dsym";
				ENABLE_NS_ASSERTIONS = NO;
				ENABLE_STRICT_OBJC_MSGSEND = YES;
				ENABLE_USER_SCRIPT_SANDBOXING = YES;
				GCC_C_LANGUAGE_STANDARD = gnu17;
				GCC_NO_COMMON_BLOCKS = YES;
				GCC_WARN_64_TO_32_BIT_CONVERSION = YES;
				GCC_WARN_ABOUT_RETURN_TYPE = YES_ERROR;
				GCC_WARN_UNDECLARED_SELECTOR = YES;
				GCC_WARN_UNINITIALIZED_AUTOS = YES_AGGRESSIVE;
				GCC_WARN_UNUSED_FUNCTION = YES;
				GCC_WARN_UNUSED_VARIABLE = YES;
				IPHONEOS_DEPLOYMENT_TARGET = 17.5;
				LOCALIZATION_PREFERS_STRING_CATALOGS = YES;
				MTL_ENABLE_DEBUG_INFO = NO;
				MTL_FAST_MATH = YES;
				SDKROOT = iphoneos;
				SWIFT_COMPILATION_MODE = wholemodule;
				VALIDATE_PRODUCT = YES;
			};
			name = Release;
		};
		AEC5F9AC2C58500800D73179 /* Debug */ = {
			isa = XCBuildConfiguration;
			buildSettings = {
				ASSETCATALOG_COMPILER_APPICON_NAME = AppIcon;
				ASSETCATALOG_COMPILER_GLOBAL_ACCENT_COLOR_NAME = AccentColor;
				CODE_SIGN_STYLE = Automatic;
				CURRENT_PROJECT_VERSION = 1;
				DEVELOPMENT_TEAM = YM23CFUN6C;
				GENERATE_INFOPLIST_FILE = YES;
				INFOPLIST_FILE = AudioPlayerProject/Info.plist;
				INFOPLIST_KEY_UIApplicationSupportsIndirectInputEvents = YES;
				INFOPLIST_KEY_UILaunchStoryboardName = LaunchScreen;
				INFOPLIST_KEY_UIMainStoryboardFile = Main;
				INFOPLIST_KEY_UISupportedInterfaceOrientations_iPad = "UIInterfaceOrientationPortrait UIInterfaceOrientationPortraitUpsideDown UIInterfaceOrientationLandscapeLeft UIInterfaceOrientationLandscapeRight";
				INFOPLIST_KEY_UISupportedInterfaceOrientations_iPhone = "UIInterfaceOrientationPortrait UIInterfaceOrientationLandscapeLeft UIInterfaceOrientationLandscapeRight";
				IPHONEOS_DEPLOYMENT_TARGET = 13.0;
				LD_RUNPATH_SEARCH_PATHS = (
					"$(inherited)",
					"@executable_path/Frameworks",
				);
				MARKETING_VERSION = 1.0.5;
				PRODUCT_BUNDLE_IDENTIFIER = doc.com.AudioPlayerProject;
				PRODUCT_NAME = "$(TARGET_NAME)";
				SWIFT_EMIT_LOC_STRINGS = YES;
				SWIFT_VERSION = 5.0;
				TARGETED_DEVICE_FAMILY = "1,2";
			};
			name = Debug;
		};
		AEC5F9AD2C58500800D73179 /* Release */ = {
			isa = XCBuildConfiguration;
			buildSettings = {
				ASSETCATALOG_COMPILER_APPICON_NAME = AppIcon;
				ASSETCATALOG_COMPILER_GLOBAL_ACCENT_COLOR_NAME = AccentColor;
				CODE_SIGN_STYLE = Automatic;
				CURRENT_PROJECT_VERSION = 1;
				DEVELOPMENT_TEAM = YM23CFUN6C;
				GENERATE_INFOPLIST_FILE = YES;
				INFOPLIST_FILE = AudioPlayerProject/Info.plist;
				INFOPLIST_KEY_UIApplicationSupportsIndirectInputEvents = YES;
				INFOPLIST_KEY_UILaunchStoryboardName = LaunchScreen;
				INFOPLIST_KEY_UIMainStoryboardFile = Main;
				INFOPLIST_KEY_UISupportedInterfaceOrientations_iPad = "UIInterfaceOrientationPortrait UIInterfaceOrientationPortraitUpsideDown UIInterfaceOrientationLandscapeLeft UIInterfaceOrientationLandscapeRight";
				INFOPLIST_KEY_UISupportedInterfaceOrientations_iPhone = "UIInterfaceOrientationPortrait UIInterfaceOrientationLandscapeLeft UIInterfaceOrientationLandscapeRight";
				IPHONEOS_DEPLOYMENT_TARGET = 13.0;
				LD_RUNPATH_SEARCH_PATHS = (
					"$(inherited)",
					"@executable_path/Frameworks",
				);
				MARKETING_VERSION = 1.0.5;
				PRODUCT_BUNDLE_IDENTIFIER = doc.com.AudioPlayerProject;
				PRODUCT_NAME = "$(TARGET_NAME)";
				SWIFT_EMIT_LOC_STRINGS = YES;
				SWIFT_VERSION = 5.0;
				TARGETED_DEVICE_FAMILY = "1,2";
			};
			name = Release;
		};
/* End XCBuildConfiguration section */

/* Begin XCConfigurationList section */
		AEC5F9922C58500600D73179 /* Build configuration list for PBXProject "AudioPlayerProject" */ = {
			isa = XCConfigurationList;
			buildConfigurations = (
				AEC5F9A92C58500800D73179 /* Debug */,
				AEC5F9AA2C58500800D73179 /* Release */,
			);
			defaultConfigurationIsVisible = 0;
			defaultConfigurationName = Release;
		};
		AEC5F9AB2C58500800D73179 /* Build configuration list for PBXNativeTarget "AudioPlayerProject" */ = {
			isa = XCConfigurationList;
			buildConfigurations = (
				AEC5F9AC2C58500800D73179 /* Debug */,
				AEC5F9AD2C58500800D73179 /* Release */,
			);
			defaultConfigurationIsVisible = 0;
			defaultConfigurationName = Release;
		};
/* End XCConfigurationList section */
	};
	rootObject = AEC5F98F2C58500600D73179 /* Project object */;
}
